
Microsoft Visual Studio Solution File, Format Version 12.00
# Visual Studio Version 17
VisualStudioVersion = 17.4.33213.308
MinimumVisualStudioVersion = 10.0.40219.1
Project("{FAE04EC0-301F-11D3-BF4B-00C04F79EFBC}") = "DeliveryTracking", "DeliveryTracking.csproj", "{E76D1D7D-9DB1-4B6B-93EB-2CD3203A6C69}"
EndProject
Global
	GlobalSection(SolutionConfigurationPlatforms) = preSolution
		Debug|Any CPU = Debug|Any CPU
		Release|Any CPU = Release|Any CPU
	EndGlobalSection
	GlobalSection(ProjectConfigurationPlatforms) = postSolution
		{E76D1D7D-9DB1-4B6B-93EB-2CD3203A6C69}.Debug|Any CPU.ActiveCfg = Debug|Any CPU
		{E76D1D7D-9DB1-4B6B-93EB-2CD3203A6C69}.Debug|Any CPU.Build.0 = Debug|Any CPU
		{E76D1D7D-9DB1-4B6B-93EB-2CD3203A6C69}.Release|Any CPU.ActiveCfg = Release|Any CPU
		{E76D1D7D-9DB1-4B6B-93EB-2CD3203A6C69}.Release|Any CPU.Build.0 = Release|Any CPU
	EndGlobalSection
	GlobalSection(SolutionProperties) = preSolution
		HideSolutionNode = FALSE
	EndGlobalSection
	GlobalSection(ExtensibilityGlobals) = postSolution
		SolutionGuid = {72662E5A-A336-4A8A-9481-912C29AE0301}
	EndGlobalSection
EndGlobal
